
Microsoft Visual Studio Solution File, Format Version 12.00
# Visual Studio Version 16
VisualStudioVersion = 16.0.31605.320
MinimumVisualStudioVersion = 10.0.40219.1
Project("{D954291E-2A0B-460D-934E-DC6B0785DB48}") = "UnoTestNameScope.Shared", "UnoTestNameScope.Shared\UnoTestNameScope.Shared.shproj", "{6279C845-92F8-4333-AB99-3D213163593C}"
EndProject
Project("{2150E333-8FDC-42A3-9474-1A3956D46DE8}") = "Platforms", "Platforms", "{9121378E-4217-4AC8-8479-25111E2C1F58}"
EndProject
Project("{FAE04EC0-301F-11D3-BF4B-00C04F79EFBC}") = "UnoTestNameScope.Droid", "UnoTestNameScope.Droid\UnoTestNameScope.Droid.csproj", "{F53E33F3-00C1-44D3-A48C-9E8E87EE4022}"
EndProject
Project("{FAE04EC0-301F-11D3-BF4B-00C04F79EFBC}") = "UnoTestNameScope.iOS", "UnoTestNameScope.iOS\UnoTestNameScope.iOS.csproj", "{67B7E67A-2908-4480-A107-567F2EF3E8C5}"
EndProject
Project("{FAE04EC0-301F-11D3-BF4B-00C04F79EFBC}") = "UnoTestNameScope.UWP", "UnoTestNameScope.UWP\UnoTestNameScope.UWP.csproj", "{C84ABE94-79CF-44A6-9B47-46852142D2B4}"
EndProject
Project("{FAE04EC0-301F-11D3-BF4B-00C04F79EFBC}") = "UnoTestNameScope.Wasm", "UnoTestNameScope.Wasm\UnoTestNameScope.Wasm.csproj", "{986011C7-E2E6-48BE-B2B8-A09ECB795B02}"
EndProject
Project("{FAE04EC0-301F-11D3-BF4B-00C04F79EFBC}") = "UnoTestNameScope.macOS", "UnoTestNameScope.macOS\UnoTestNameScope.macOS.csproj", "{B916B9A1-2B4A-41C6-BF0C-5871C75C745D}"
EndProject
Project("{FAE04EC0-301F-11D3-BF4B-00C04F79EFBC}") = "UnoTestNameScope.Skia.Wpf.Host", "UnoTestNameScope.Skia.Wpf.Host\UnoTestNameScope.Skia.Wpf.Host.csproj", "{C0EBD67B-B080-438C-8843-7DCA0F17EA6D}"
EndProject
Project("{FAE04EC0-301F-11D3-BF4B-00C04F79EFBC}") = "UnoTestNameScope.Skia.Wpf", "UnoTestNameScope.Skia.Wpf\UnoTestNameScope.Skia.Wpf.csproj", "{0CDCDB02-4210-4046-84BF-86C0FEAF0372}"
EndProject
Project("{FAE04EC0-301F-11D3-BF4B-00C04F79EFBC}") = "UnoTestNameScope.Skia.Gtk", "UnoTestNameScope.Skia.Gtk\UnoTestNameScope.Skia.Gtk.csproj", "{20F8E9E3-CF83-4855-BC26-B53AE5CBD851}"
EndProject
Project("{FAE04EC0-301F-11D3-BF4B-00C04F79EFBC}") = "UnoTestNameScope.Skia.Tizen", "UnoTestNameScope.Skia.Tizen\UnoTestNameScope.Skia.Tizen.csproj", "{9389B903-E597-4A5A-98F3-1D2123EF6F20}"
EndProject
Global
	GlobalSection(SharedMSBuildProjectFiles) = preSolution
		UnoTestNameScope.Shared\UnoTestNameScope.Shared.projitems*{0cdcdb02-4210-4046-84bf-86c0feaf0372}*SharedItemsImports = 5
		UnoTestNameScope.Shared\UnoTestNameScope.Shared.projitems*{20f8e9e3-cf83-4855-bc26-b53ae5cbd851}*SharedItemsImports = 5
		UnoTestNameScope.Shared\UnoTestNameScope.Shared.projitems*{6279c845-92f8-4333-ab99-3d213163593c}*SharedItemsImports = 13
		UnoTestNameScope.Shared\UnoTestNameScope.Shared.projitems*{67b7e67a-2908-4480-a107-567f2ef3e8c5}*SharedItemsImports = 4
		UnoTestNameScope.Shared\UnoTestNameScope.Shared.projitems*{9389b903-e597-4a5a-98f3-1d2123ef6f20}*SharedItemsImports = 5
		UnoTestNameScope.Shared\UnoTestNameScope.Shared.projitems*{986011c7-e2e6-48be-b2b8-a09ecb795b02}*SharedItemsImports = 5
		UnoTestNameScope.Shared\UnoTestNameScope.Shared.projitems*{b916b9a1-2b4a-41c6-bf0c-5871c75c745d}*SharedItemsImports = 4
		UnoTestNameScope.Shared\UnoTestNameScope.Shared.projitems*{c84abe94-79cf-44a6-9b47-46852142d2b4}*SharedItemsImports = 4
		UnoTestNameScope.Shared\UnoTestNameScope.Shared.projitems*{f53e33f3-00c1-44d3-a48c-9e8e87ee4022}*SharedItemsImports = 4
	EndGlobalSection
	GlobalSection(SolutionConfigurationPlatforms) = preSolution
		Ad-Hoc|Any CPU = Ad-Hoc|Any CPU
		Ad-Hoc|ARM = Ad-Hoc|ARM
		Ad-Hoc|ARM64 = Ad-Hoc|ARM64
		Ad-Hoc|iPhone = Ad-Hoc|iPhone
		Ad-Hoc|iPhoneSimulator = Ad-Hoc|iPhoneSimulator
		Ad-Hoc|x64 = Ad-Hoc|x64
		Ad-Hoc|x86 = Ad-Hoc|x86
		AppStore|Any CPU = AppStore|Any CPU
		AppStore|ARM = AppStore|ARM
		AppStore|ARM64 = AppStore|ARM64
		AppStore|iPhone = AppStore|iPhone
		AppStore|iPhoneSimulator = AppStore|iPhoneSimulator
		AppStore|x64 = AppStore|x64
		AppStore|x86 = AppStore|x86
		Debug|Any CPU = Debug|Any CPU
		Debug|ARM = Debug|ARM
		Debug|ARM64 = Debug|ARM64
		Debug|iPhone = Debug|iPhone
		Debug|iPhoneSimulator = Debug|iPhoneSimulator
		Debug|x64 = Debug|x64
		Debug|x86 = Debug|x86
		Release|Any CPU = Release|Any CPU
		Release|ARM = Release|ARM
		Release|ARM64 = Release|ARM64
		Release|iPhone = Release|iPhone
		Release|iPhoneSimulator = Release|iPhoneSimulator
		Release|x64 = Release|x64
		Release|x86 = Release|x86
	EndGlobalSection
	GlobalSection(ProjectConfigurationPlatforms) = postSolution
		{F53E33F3-00C1-44D3-A48C-9E8E87EE4022}.Ad-Hoc|Any CPU.ActiveCfg = Debug|Any CPU
		{F53E33F3-00C1-44D3-A48C-9E8E87EE4022}.Ad-Hoc|Any CPU.Build.0 = Debug|Any CPU
		{F53E33F3-00C1-44D3-A48C-9E8E87EE4022}.Ad-Hoc|Any CPU.Deploy.0 = Debug|Any CPU
		{F53E33F3-00C1-44D3-A48C-9E8E87EE4022}.Ad-Hoc|ARM.ActiveCfg = Debug|Any CPU
		{F53E33F3-00C1-44D3-A48C-9E8E87EE4022}.Ad-Hoc|ARM.Build.0 = Debug|Any CPU
		{F53E33F3-00C1-44D3-A48C-9E8E87EE4022}.Ad-Hoc|ARM.Deploy.0 = Debug|Any CPU
		{F53E33F3-00C1-44D3-A48C-9E8E87EE4022}.Ad-Hoc|ARM64.ActiveCfg = Debug|Any CPU
		{F53E33F3-00C1-44D3-A48C-9E8E87EE4022}.Ad-Hoc|ARM64.Build.0 = Debug|Any CPU
		{F53E33F3-00C1-44D3-A48C-9E8E87EE4022}.Ad-Hoc|ARM64.Deploy.0 = Debug|Any CPU
		{F53E33F3-00C1-44D3-A48C-9E8E87EE4022}.Ad-Hoc|iPhone.ActiveCfg = Debug|Any CPU
		{F53E33F3-00C1-44D3-A48C-9E8E87EE4022}.Ad-Hoc|iPhone.Build.0 = Debug|Any CPU
		{F53E33F3-00C1-44D3-A48C-9E8E87EE4022}.Ad-Hoc|iPhone.Deploy.0 = Debug|Any CPU
		{F53E33F3-00C1-44D3-A48C-9E8E87EE4022}.Ad-Hoc|iPhoneSimulator.ActiveCfg = Debug|Any CPU
		{F53E33F3-00C1-44D3-A48C-9E8E87EE4022}.Ad-Hoc|iPhoneSimulator.Build.0 = Debug|Any CPU
		{F53E33F3-00C1-44D3-A48C-9E8E87EE4022}.Ad-Hoc|iPhoneSimulator.Deploy.0 = Debug|Any CPU
		{F53E33F3-00C1-44D3-A48C-9E8E87EE4022}.Ad-Hoc|x64.ActiveCfg = Debug|Any CPU
		{F53E33F3-00C1-44D3-A48C-9E8E87EE4022}.Ad-Hoc|x64.Build.0 = Debug|Any CPU
		{F53E33F3-00C1-44D3-A48C-9E8E87EE4022}.Ad-Hoc|x64.Deploy.0 = Debug|Any CPU
		{F53E33F3-00C1-44D3-A48C-9E8E87EE4022}.Ad-Hoc|x86.ActiveCfg = Debug|Any CPU
		{F53E33F3-00C1-44D3-A48C-9E8E87EE4022}.Ad-Hoc|x86.Build.0 = Debug|Any CPU
		{F53E33F3-00C1-44D3-A48C-9E8E87EE4022}.Ad-Hoc|x86.Deploy.0 = Debug|Any CPU
		{F53E33F3-00C1-44D3-A48C-9E8E87EE4022}.AppStore|Any CPU.ActiveCfg = Debug|Any CPU
		{F53E33F3-00C1-44D3-A48C-9E8E87EE4022}.AppStore|Any CPU.Build.0 = Debug|Any CPU
		{F53E33F3-00C1-44D3-A48C-9E8E87EE4022}.AppStore|Any CPU.Deploy.0 = Debug|Any CPU
		{F53E33F3-00C1-44D3-A48C-9E8E87EE4022}.AppStore|ARM.ActiveCfg = Debug|Any CPU
		{F53E33F3-00C1-44D3-A48C-9E8E87EE4022}.AppStore|ARM.Build.0 = Debug|Any CPU
		{F53E33F3-00C1-44D3-A48C-9E8E87EE4022}.AppStore|ARM.Deploy.0 = Debug|Any CPU
		{F53E33F3-00C1-44D3-A48C-9E8E87EE4022}.AppStore|ARM64.ActiveCfg = Debug|Any CPU
		{F53E33F3-00C1-44D3-A48C-9E8E87EE4022}.AppStore|ARM64.Build.0 = Debug|Any CPU
		{F53E33F3-00C1-44D3-A48C-9E8E87EE4022}.AppStore|ARM64.Deploy.0 = Debug|Any CPU
		{F53E33F3-00C1-44D3-A48C-9E8E87EE4022}.AppStore|iPhone.ActiveCfg = Debug|Any CPU
		{F53E33F3-00C1-44D3-A48C-9E8E87EE4022}.AppStore|iPhone.Build.0 = Debug|Any CPU
		{F53E33F3-00C1-44D3-A48C-9E8E87EE4022}.AppStore|iPhone.Deploy.0 = Debug|Any CPU
		{F53E33F3-00C1-44D3-A48C-9E8E87EE4022}.AppStore|iPhoneSimulator.ActiveCfg = Debug|Any CPU
		{F53E33F3-00C1-44D3-A48C-9E8E87EE4022}.AppStore|iPhoneSimulator.Build.0 = Debug|Any CPU
		{F53E33F3-00C1-44D3-A48C-9E8E87EE4022}.AppStore|iPhoneSimulator.Deploy.0 = Debug|Any CPU
		{F53E33F3-00C1-44D3-A48C-9E8E87EE4022}.AppStore|x64.ActiveCfg = Debug|Any CPU
		{F53E33F3-00C1-44D3-A48C-9E8E87EE4022}.AppStore|x64.Build.0 = Debug|Any CPU
		{F53E33F3-00C1-44D3-A48C-9E8E87EE4022}.AppStore|x64.Deploy.0 = Debug|Any CPU
		{F53E33F3-00C1-44D3-A48C-9E8E87EE4022}.AppStore|x86.ActiveCfg = Debug|Any CPU
		{F53E33F3-00C1-44D3-A48C-9E8E87EE4022}.AppStore|x86.Build.0 = Debug|Any CPU
		{F53E33F3-00C1-44D3-A48C-9E8E87EE4022}.AppStore|x86.Deploy.0 = Debug|Any CPU
		{F53E33F3-00C1-44D3-A48C-9E8E87EE4022}.Debug|Any CPU.ActiveCfg = Debug|Any CPU
		{F53E33F3-00C1-44D3-A48C-9E8E87EE4022}.Debug|Any CPU.Build.0 = Debug|Any CPU
		{F53E33F3-00C1-44D3-A48C-9E8E87EE4022}.Debug|Any CPU.Deploy.0 = Debug|Any CPU
		{F53E33F3-00C1-44D3-A48C-9E8E87EE4022}.Debug|ARM.ActiveCfg = Debug|Any CPU
		{F53E33F3-00C1-44D3-A48C-9E8E87EE4022}.Debug|ARM.Build.0 = Debug|Any CPU
		{F53E33F3-00C1-44D3-A48C-9E8E87EE4022}.Debug|ARM.Deploy.0 = Debug|Any CPU
		{F53E33F3-00C1-44D3-A48C-9E8E87EE4022}.Debug|ARM64.ActiveCfg = Debug|Any CPU
		{F53E33F3-00C1-44D3-A48C-9E8E87EE4022}.Debug|ARM64.Build.0 = Debug|Any CPU
		{F53E33F3-00C1-44D3-A48C-9E8E87EE4022}.Debug|ARM64.Deploy.0 = Debug|Any CPU
		{F53E33F3-00C1-44D3-A48C-9E8E87EE4022}.Debug|iPhone.ActiveCfg = Debug|Any CPU
		{F53E33F3-00C1-44D3-A48C-9E8E87EE4022}.Debug|iPhone.Build.0 = Debug|Any CPU
		{F53E33F3-00C1-44D3-A48C-9E8E87EE4022}.Debug|iPhone.Deploy.0 = Debug|Any CPU
		{F53E33F3-00C1-44D3-A48C-9E8E87EE4022}.Debug|iPhoneSimulator.ActiveCfg = Debug|Any CPU
		{F53E33F3-00C1-44D3-A48C-9E8E87EE4022}.Debug|iPhoneSimulator.Build.0 = Debug|Any CPU
		{F53E33F3-00C1-44D3-A48C-9E8E87EE4022}.Debug|iPhoneSimulator.Deploy.0 = Debug|Any CPU
		{F53E33F3-00C1-44D3-A48C-9E8E87EE4022}.Debug|x64.ActiveCfg = Debug|Any CPU
		{F53E33F3-00C1-44D3-A48C-9E8E87EE4022}.Debug|x64.Build.0 = Debug|Any CPU
		{F53E33F3-00C1-44D3-A48C-9E8E87EE4022}.Debug|x64.Deploy.0 = Debug|Any CPU
		{F53E33F3-00C1-44D3-A48C-9E8E87EE4022}.Debug|x86.ActiveCfg = Debug|Any CPU
		{F53E33F3-00C1-44D3-A48C-9E8E87EE4022}.Debug|x86.Build.0 = Debug|Any CPU
		{F53E33F3-00C1-44D3-A48C-9E8E87EE4022}.Debug|x86.Deploy.0 = Debug|Any CPU
		{F53E33F3-00C1-44D3-A48C-9E8E87EE4022}.Release|Any CPU.ActiveCfg = Release|Any CPU
		{F53E33F3-00C1-44D3-A48C-9E8E87EE4022}.Release|Any CPU.Build.0 = Release|Any CPU
		{F53E33F3-00C1-44D3-A48C-9E8E87EE4022}.Release|Any CPU.Deploy.0 = Release|Any CPU
		{F53E33F3-00C1-44D3-A48C-9E8E87EE4022}.Release|ARM.ActiveCfg = Release|Any CPU
		{F53E33F3-00C1-44D3-A48C-9E8E87EE4022}.Release|ARM.Build.0 = Release|Any CPU
		{F53E33F3-00C1-44D3-A48C-9E8E87EE4022}.Release|ARM.Deploy.0 = Release|Any CPU
		{F53E33F3-00C1-44D3-A48C-9E8E87EE4022}.Release|ARM64.ActiveCfg = Release|Any CPU
		{F53E33F3-00C1-44D3-A48C-9E8E87EE4022}.Release|ARM64.Build.0 = Release|Any CPU
		{F53E33F3-00C1-44D3-A48C-9E8E87EE4022}.Release|ARM64.Deploy.0 = Release|Any CPU
		{F53E33F3-00C1-44D3-A48C-9E8E87EE4022}.Release|iPhone.ActiveCfg = Release|Any CPU
		{F53E33F3-00C1-44D3-A48C-9E8E87EE4022}.Release|iPhone.Build.0 = Release|Any CPU
		{F53E33F3-00C1-44D3-A48C-9E8E87EE4022}.Release|iPhone.Deploy.0 = Release|Any CPU
		{F53E33F3-00C1-44D3-A48C-9E8E87EE4022}.Release|iPhoneSimulator.ActiveCfg = Release|Any CPU
		{F53E33F3-00C1-44D3-A48C-9E8E87EE4022}.Release|iPhoneSimulator.Build.0 = Release|Any CPU
		{F53E33F3-00C1-44D3-A48C-9E8E87EE4022}.Release|iPhoneSimulator.Deploy.0 = Release|Any CPU
		{F53E33F3-00C1-44D3-A48C-9E8E87EE4022}.Release|x64.ActiveCfg = Release|Any CPU
		{F53E33F3-00C1-44D3-A48C-9E8E87EE4022}.Release|x64.Build.0 = Release|Any CPU
		{F53E33F3-00C1-44D3-A48C-9E8E87EE4022}.Release|x64.Deploy.0 = Release|Any CPU
		{F53E33F3-00C1-44D3-A48C-9E8E87EE4022}.Release|x86.ActiveCfg = Release|Any CPU
		{F53E33F3-00C1-44D3-A48C-9E8E87EE4022}.Release|x86.Build.0 = Release|Any CPU
		{F53E33F3-00C1-44D3-A48C-9E8E87EE4022}.Release|x86.Deploy.0 = Release|Any CPU
		{67B7E67A-2908-4480-A107-567F2EF3E8C5}.Ad-Hoc|Any CPU.ActiveCfg = Ad-Hoc|iPhoneSimulator
		{67B7E67A-2908-4480-A107-567F2EF3E8C5}.Ad-Hoc|ARM.ActiveCfg = Ad-Hoc|iPhoneSimulator
		{67B7E67A-2908-4480-A107-567F2EF3E8C5}.Ad-Hoc|ARM64.ActiveCfg = Ad-Hoc|iPhoneSimulator
		{67B7E67A-2908-4480-A107-567F2EF3E8C5}.Ad-Hoc|iPhone.ActiveCfg = Ad-Hoc|iPhone
		{67B7E67A-2908-4480-A107-567F2EF3E8C5}.Ad-Hoc|iPhone.Build.0 = Ad-Hoc|iPhone
		{67B7E67A-2908-4480-A107-567F2EF3E8C5}.Ad-Hoc|iPhoneSimulator.ActiveCfg = Ad-Hoc|iPhoneSimulator
		{67B7E67A-2908-4480-A107-567F2EF3E8C5}.Ad-Hoc|iPhoneSimulator.Build.0 = Ad-Hoc|iPhoneSimulator
		{67B7E67A-2908-4480-A107-567F2EF3E8C5}.Ad-Hoc|x64.ActiveCfg = Ad-Hoc|iPhoneSimulator
		{67B7E67A-2908-4480-A107-567F2EF3E8C5}.Ad-Hoc|x86.ActiveCfg = Ad-Hoc|iPhoneSimulator
		{67B7E67A-2908-4480-A107-567F2EF3E8C5}.AppStore|Any CPU.ActiveCfg = AppStore|iPhoneSimulator
		{67B7E67A-2908-4480-A107-567F2EF3E8C5}.AppStore|ARM.ActiveCfg = AppStore|iPhoneSimulator
		{67B7E67A-2908-4480-A107-567F2EF3E8C5}.AppStore|ARM64.ActiveCfg = AppStore|iPhoneSimulator
		{67B7E67A-2908-4480-A107-567F2EF3E8C5}.AppStore|iPhone.ActiveCfg = AppStore|iPhone
		{67B7E67A-2908-4480-A107-567F2EF3E8C5}.AppStore|iPhone.Build.0 = AppStore|iPhone
		{67B7E67A-2908-4480-A107-567F2EF3E8C5}.AppStore|iPhoneSimulator.ActiveCfg = AppStore|iPhoneSimulator
		{67B7E67A-2908-4480-A107-567F2EF3E8C5}.AppStore|iPhoneSimulator.Build.0 = AppStore|iPhoneSimulator
		{67B7E67A-2908-4480-A107-567F2EF3E8C5}.AppStore|x64.ActiveCfg = AppStore|iPhoneSimulator
		{67B7E67A-2908-4480-A107-567F2EF3E8C5}.AppStore|x86.ActiveCfg = AppStore|iPhoneSimulator
		{67B7E67A-2908-4480-A107-567F2EF3E8C5}.Debug|Any CPU.ActiveCfg = Debug|iPhoneSimulator
		{67B7E67A-2908-4480-A107-567F2EF3E8C5}.Debug|ARM.ActiveCfg = Debug|iPhoneSimulator
		{67B7E67A-2908-4480-A107-567F2EF3E8C5}.Debug|ARM64.ActiveCfg = Debug|iPhoneSimulator
		{67B7E67A-2908-4480-A107-567F2EF3E8C5}.Debug|iPhone.ActiveCfg = Debug|iPhone
		{67B7E67A-2908-4480-A107-567F2EF3E8C5}.Debug|iPhone.Build.0 = Debug|iPhone
		{67B7E67A-2908-4480-A107-567F2EF3E8C5}.Debug|iPhoneSimulator.ActiveCfg = Debug|iPhoneSimulator
		{67B7E67A-2908-4480-A107-567F2EF3E8C5}.Debug|iPhoneSimulator.Build.0 = Debug|iPhoneSimulator
		{67B7E67A-2908-4480-A107-567F2EF3E8C5}.Debug|x64.ActiveCfg = Debug|iPhoneSimulator
		{67B7E67A-2908-4480-A107-567F2EF3E8C5}.Debug|x86.ActiveCfg = Debug|iPhoneSimulator
		{67B7E67A-2908-4480-A107-567F2EF3E8C5}.Release|Any CPU.ActiveCfg = Release|iPhoneSimulator
		{67B7E67A-2908-4480-A107-567F2EF3E8C5}.Release|ARM.ActiveCfg = Release|iPhoneSimulator
		{67B7E67A-2908-4480-A107-567F2EF3E8C5}.Release|ARM64.ActiveCfg = Release|iPhoneSimulator
		{67B7E67A-2908-4480-A107-567F2EF3E8C5}.Release|iPhone.ActiveCfg = Release|iPhone
		{67B7E67A-2908-4480-A107-567F2EF3E8C5}.Release|iPhone.Build.0 = Release|iPhone
		{67B7E67A-2908-4480-A107-567F2EF3E8C5}.Release|iPhoneSimulator.ActiveCfg = Release|iPhoneSimulator
		{67B7E67A-2908-4480-A107-567F2EF3E8C5}.Release|iPhoneSimulator.Build.0 = Release|iPhoneSimulator
		{67B7E67A-2908-4480-A107-567F2EF3E8C5}.Release|x64.ActiveCfg = Release|iPhoneSimulator
		{67B7E67A-2908-4480-A107-567F2EF3E8C5}.Release|x86.ActiveCfg = Release|iPhoneSimulator
		{C84ABE94-79CF-44A6-9B47-46852142D2B4}.Ad-Hoc|Any CPU.ActiveCfg = Debug|x86
		{C84ABE94-79CF-44A6-9B47-46852142D2B4}.Ad-Hoc|Any CPU.Build.0 = Debug|x86
		{C84ABE94-79CF-44A6-9B47-46852142D2B4}.Ad-Hoc|Any CPU.Deploy.0 = Debug|x86
		{C84ABE94-79CF-44A6-9B47-46852142D2B4}.Ad-Hoc|ARM.ActiveCfg = Debug|ARM
		{C84ABE94-79CF-44A6-9B47-46852142D2B4}.Ad-Hoc|ARM.Build.0 = Debug|ARM
		{C84ABE94-79CF-44A6-9B47-46852142D2B4}.Ad-Hoc|ARM.Deploy.0 = Debug|ARM
		{C84ABE94-79CF-44A6-9B47-46852142D2B4}.Ad-Hoc|ARM64.ActiveCfg = Debug|ARM64
		{C84ABE94-79CF-44A6-9B47-46852142D2B4}.Ad-Hoc|ARM64.Build.0 = Debug|ARM64
		{C84ABE94-79CF-44A6-9B47-46852142D2B4}.Ad-Hoc|ARM64.Deploy.0 = Debug|ARM64
		{C84ABE94-79CF-44A6-9B47-46852142D2B4}.Ad-Hoc|iPhone.ActiveCfg = Debug|x86
		{C84ABE94-79CF-44A6-9B47-46852142D2B4}.Ad-Hoc|iPhone.Build.0 = Debug|x86
		{C84ABE94-79CF-44A6-9B47-46852142D2B4}.Ad-Hoc|iPhone.Deploy.0 = Debug|x86
		{C84ABE94-79CF-44A6-9B47-46852142D2B4}.Ad-Hoc|iPhoneSimulator.ActiveCfg = Debug|x86
		{C84ABE94-79CF-44A6-9B47-46852142D2B4}.Ad-Hoc|iPhoneSimulator.Build.0 = Debug|x86
		{C84ABE94-79CF-44A6-9B47-46852142D2B4}.Ad-Hoc|iPhoneSimulator.Deploy.0 = Debug|x86
		{C84ABE94-79CF-44A6-9B47-46852142D2B4}.Ad-Hoc|x64.ActiveCfg = Debug|x64
		{C84ABE94-79CF-44A6-9B47-46852142D2B4}.Ad-Hoc|x64.Build.0 = Debug|x64
		{C84ABE94-79CF-44A6-9B47-46852142D2B4}.Ad-Hoc|x64.Deploy.0 = Debug|x64
		{C84ABE94-79CF-44A6-9B47-46852142D2B4}.Ad-Hoc|x86.ActiveCfg = Debug|x86
		{C84ABE94-79CF-44A6-9B47-46852142D2B4}.Ad-Hoc|x86.Build.0 = Debug|x86
		{C84ABE94-79CF-44A6-9B47-46852142D2B4}.Ad-Hoc|x86.Deploy.0 = Debug|x86
		{C84ABE94-79CF-44A6-9B47-46852142D2B4}.AppStore|Any CPU.ActiveCfg = Debug|x86
		{C84ABE94-79CF-44A6-9B47-46852142D2B4}.AppStore|Any CPU.Build.0 = Debug|x86
		{C84ABE94-79CF-44A6-9B47-46852142D2B4}.AppStore|Any CPU.Deploy.0 = Debug|x86
		{C84ABE94-79CF-44A6-9B47-46852142D2B4}.AppStore|ARM.ActiveCfg = Debug|ARM
		{C84ABE94-79CF-44A6-9B47-46852142D2B4}.AppStore|ARM.Build.0 = Debug|ARM
		{C84ABE94-79CF-44A6-9B47-46852142D2B4}.AppStore|ARM.Deploy.0 = Debug|ARM
		{C84ABE94-79CF-44A6-9B47-46852142D2B4}.AppStore|ARM64.ActiveCfg = Debug|ARM64
		{C84ABE94-79CF-44A6-9B47-46852142D2B4}.AppStore|ARM64.Build.0 = Debug|ARM64
		{C84ABE94-79CF-44A6-9B47-46852142D2B4}.AppStore|ARM64.Deploy.0 = Debug|ARM64
		{C84ABE94-79CF-44A6-9B47-46852142D2B4}.AppStore|iPhone.ActiveCfg = Debug|x86
		{C84ABE94-79CF-44A6-9B47-46852142D2B4}.AppStore|iPhone.Build.0 = Debug|x86
		{C84ABE94-79CF-44A6-9B47-46852142D2B4}.AppStore|iPhone.Deploy.0 = Debug|x86
		{C84ABE94-79CF-44A6-9B47-46852142D2B4}.AppStore|iPhoneSimulator.ActiveCfg = Debug|x86
		{C84ABE94-79CF-44A6-9B47-46852142D2B4}.AppStore|iPhoneSimulator.Build.0 = Debug|x86
		{C84ABE94-79CF-44A6-9B47-46852142D2B4}.AppStore|iPhoneSimulator.Deploy.0 = Debug|x86
		{C84ABE94-79CF-44A6-9B47-46852142D2B4}.AppStore|x64.ActiveCfg = Debug|x64
		{C84ABE94-79CF-44A6-9B47-46852142D2B4}.AppStore|x64.Build.0 = Debug|x64
		{C84ABE94-79CF-44A6-9B47-46852142D2B4}.AppStore|x64.Deploy.0 = Debug|x64
		{C84ABE94-79CF-44A6-9B47-46852142D2B4}.AppStore|x86.ActiveCfg = Debug|x86
		{C84ABE94-79CF-44A6-9B47-46852142D2B4}.AppStore|x86.Build.0 = Debug|x86
		{C84ABE94-79CF-44A6-9B47-46852142D2B4}.AppStore|x86.Deploy.0 = Debug|x86
		{C84ABE94-79CF-44A6-9B47-46852142D2B4}.Debug|Any CPU.ActiveCfg = Debug|x86
		{C84ABE94-79CF-44A6-9B47-46852142D2B4}.Debug|Any CPU.Build.0 = Debug|x86
		{C84ABE94-79CF-44A6-9B47-46852142D2B4}.Debug|Any CPU.Deploy.0 = Debug|x86
		{C84ABE94-79CF-44A6-9B47-46852142D2B4}.Debug|ARM.ActiveCfg = Debug|ARM
		{C84ABE94-79CF-44A6-9B47-46852142D2B4}.Debug|ARM.Build.0 = Debug|ARM
		{C84ABE94-79CF-44A6-9B47-46852142D2B4}.Debug|ARM.Deploy.0 = Debug|ARM
		{C84ABE94-79CF-44A6-9B47-46852142D2B4}.Debug|ARM64.ActiveCfg = Debug|ARM64
		{C84ABE94-79CF-44A6-9B47-46852142D2B4}.Debug|ARM64.Build.0 = Debug|ARM64
		{C84ABE94-79CF-44A6-9B47-46852142D2B4}.Debug|ARM64.Deploy.0 = Debug|ARM64
		{C84ABE94-79CF-44A6-9B47-46852142D2B4}.Debug|iPhone.ActiveCfg = Debug|x86
		{C84ABE94-79CF-44A6-9B47-46852142D2B4}.Debug|iPhoneSimulator.ActiveCfg = Debug|x86
		{C84ABE94-79CF-44A6-9B47-46852142D2B4}.Debug|x64.ActiveCfg = Debug|x64
		{C84ABE94-79CF-44A6-9B47-46852142D2B4}.Debug|x64.Build.0 = Debug|x64
		{C84ABE94-79CF-44A6-9B47-46852142D2B4}.Debug|x64.Deploy.0 = Debug|x64
		{C84ABE94-79CF-44A6-9B47-46852142D2B4}.Debug|x86.ActiveCfg = Debug|x86
		{C84ABE94-79CF-44A6-9B47-46852142D2B4}.Debug|x86.Build.0 = Debug|x86
		{C84ABE94-79CF-44A6-9B47-46852142D2B4}.Debug|x86.Deploy.0 = Debug|x86
		{C84ABE94-79CF-44A6-9B47-46852142D2B4}.Release|Any CPU.ActiveCfg = Release|x86
		{C84ABE94-79CF-44A6-9B47-46852142D2B4}.Release|ARM.ActiveCfg = Release|ARM
		{C84ABE94-79CF-44A6-9B47-46852142D2B4}.Release|ARM.Build.0 = Release|ARM
		{C84ABE94-79CF-44A6-9B47-46852142D2B4}.Release|ARM.Deploy.0 = Release|ARM
		{C84ABE94-79CF-44A6-9B47-46852142D2B4}.Release|ARM64.ActiveCfg = Release|ARM64
		{C84ABE94-79CF-44A6-9B47-46852142D2B4}.Release|ARM64.Build.0 = Release|ARM64
		{C84ABE94-79CF-44A6-9B47-46852142D2B4}.Release|ARM64.Deploy.0 = Release|ARM64
		{C84ABE94-79CF-44A6-9B47-46852142D2B4}.Release|iPhone.ActiveCfg = Release|x86
		{C84ABE94-79CF-44A6-9B47-46852142D2B4}.Release|iPhoneSimulator.ActiveCfg = Release|x86
		{C84ABE94-79CF-44A6-9B47-46852142D2B4}.Release|x64.ActiveCfg = Release|x64
		{C84ABE94-79CF-44A6-9B47-46852142D2B4}.Release|x64.Build.0 = Release|x64
		{C84ABE94-79CF-44A6-9B47-46852142D2B4}.Release|x64.Deploy.0 = Release|x64
		{C84ABE94-79CF-44A6-9B47-46852142D2B4}.Release|x86.ActiveCfg = Release|x86
		{C84ABE94-79CF-44A6-9B47-46852142D2B4}.Release|x86.Build.0 = Release|x86
		{C84ABE94-79CF-44A6-9B47-46852142D2B4}.Release|x86.Deploy.0 = Release|x86
		{986011C7-E2E6-48BE-B2B8-A09ECB795B02}.Ad-Hoc|Any CPU.ActiveCfg = Debug|Any CPU
		{986011C7-E2E6-48BE-B2B8-A09ECB795B02}.Ad-Hoc|Any CPU.Build.0 = Debug|Any CPU
		{986011C7-E2E6-48BE-B2B8-A09ECB795B02}.Ad-Hoc|ARM.ActiveCfg = Debug|Any CPU
		{986011C7-E2E6-48BE-B2B8-A09ECB795B02}.Ad-Hoc|ARM.Build.0 = Debug|Any CPU
		{986011C7-E2E6-48BE-B2B8-A09ECB795B02}.Ad-Hoc|ARM64.ActiveCfg = Debug|Any CPU
		{986011C7-E2E6-48BE-B2B8-A09ECB795B02}.Ad-Hoc|ARM64.Build.0 = Debug|Any CPU
		{986011C7-E2E6-48BE-B2B8-A09ECB795B02}.Ad-Hoc|iPhone.ActiveCfg = Debug|Any CPU
		{986011C7-E2E6-48BE-B2B8-A09ECB795B02}.Ad-Hoc|iPhone.Build.0 = Debug|Any CPU
		{986011C7-E2E6-48BE-B2B8-A09ECB795B02}.Ad-Hoc|iPhoneSimulator.ActiveCfg = Debug|Any CPU
		{986011C7-E2E6-48BE-B2B8-A09ECB795B02}.Ad-Hoc|iPhoneSimulator.Build.0 = Debug|Any CPU
		{986011C7-E2E6-48BE-B2B8-A09ECB795B02}.Ad-Hoc|x64.ActiveCfg = Debug|Any CPU
		{986011C7-E2E6-48BE-B2B8-A09ECB795B02}.Ad-Hoc|x64.Build.0 = Debug|Any CPU
		{986011C7-E2E6-48BE-B2B8-A09ECB795B02}.Ad-Hoc|x86.ActiveCfg = Debug|Any CPU
		{986011C7-E2E6-48BE-B2B8-A09ECB795B02}.Ad-Hoc|x86.Build.0 = Debug|Any CPU
		{986011C7-E2E6-48BE-B2B8-A09ECB795B02}.AppStore|Any CPU.ActiveCfg = Debug|Any CPU
		{986011C7-E2E6-48BE-B2B8-A09ECB795B02}.AppStore|Any CPU.Build.0 = Debug|Any CPU
		{986011C7-E2E6-48BE-B2B8-A09ECB795B02}.AppStore|ARM.ActiveCfg = Debug|Any CPU
		{986011C7-E2E6-48BE-B2B8-A09ECB795B02}.AppStore|ARM.Build.0 = Debug|Any CPU
		{986011C7-E2E6-48BE-B2B8-A09ECB795B02}.AppStore|ARM64.ActiveCfg = Debug|Any CPU
		{986011C7-E2E6-48BE-B2B8-A09ECB795B02}.AppStore|ARM64.Build.0 = Debug|Any CPU
		{986011C7-E2E6-48BE-B2B8-A09ECB795B02}.AppStore|iPhone.ActiveCfg = Debug|Any CPU
		{986011C7-E2E6-48BE-B2B8-A09ECB795B02}.AppStore|iPhone.Build.0 = Debug|Any CPU
		{986011C7-E2E6-48BE-B2B8-A09ECB795B02}.AppStore|iPhoneSimulator.ActiveCfg = Debug|Any CPU
		{986011C7-E2E6-48BE-B2B8-A09ECB795B02}.AppStore|iPhoneSimulator.Build.0 = Debug|Any CPU
		{986011C7-E2E6-48BE-B2B8-A09ECB795B02}.AppStore|x64.ActiveCfg = Debug|Any CPU
		{986011C7-E2E6-48BE-B2B8-A09ECB795B02}.AppStore|x64.Build.0 = Debug|Any CPU
		{986011C7-E2E6-48BE-B2B8-A09ECB795B02}.AppStore|x86.ActiveCfg = Debug|Any CPU
		{986011C7-E2E6-48BE-B2B8-A09ECB795B02}.AppStore|x86.Build.0 = Debug|Any CPU
		{986011C7-E2E6-48BE-B2B8-A09ECB795B02}.Debug|Any CPU.ActiveCfg = Debug|Any CPU
		{986011C7-E2E6-48BE-B2B8-A09ECB795B02}.Debug|Any CPU.Build.0 = Debug|Any CPU
		{986011C7-E2E6-48BE-B2B8-A09ECB795B02}.Debug|ARM.ActiveCfg = Debug|Any CPU
		{986011C7-E2E6-48BE-B2B8-A09ECB795B02}.Debug|ARM.Build.0 = Debug|Any CPU
		{986011C7-E2E6-48BE-B2B8-A09ECB795B02}.Debug|ARM64.ActiveCfg = Debug|Any CPU
		{986011C7-E2E6-48BE-B2B8-A09ECB795B02}.Debug|ARM64.Build.0 = Debug|Any CPU
		{986011C7-E2E6-48BE-B2B8-A09ECB795B02}.Debug|iPhone.ActiveCfg = Debug|Any CPU
		{986011C7-E2E6-48BE-B2B8-A09ECB795B02}.Debug|iPhone.Build.0 = Debug|Any CPU
		{986011C7-E2E6-48BE-B2B8-A09ECB795B02}.Debug|iPhoneSimulator.ActiveCfg = Debug|Any CPU
		{986011C7-E2E6-48BE-B2B8-A09ECB795B02}.Debug|iPhoneSimulator.Build.0 = Debug|Any CPU
		{986011C7-E2E6-48BE-B2B8-A09ECB795B02}.Debug|x64.ActiveCfg = Debug|Any CPU
		{986011C7-E2E6-48BE-B2B8-A09ECB795B02}.Debug|x64.Build.0 = Debug|Any CPU
		{986011C7-E2E6-48BE-B2B8-A09ECB795B02}.Debug|x86.ActiveCfg = Debug|Any CPU
		{986011C7-E2E6-48BE-B2B8-A09ECB795B02}.Debug|x86.Build.0 = Debug|Any CPU
		{986011C7-E2E6-48BE-B2B8-A09ECB795B02}.Release|Any CPU.ActiveCfg = Release|Any CPU
		{986011C7-E2E6-48BE-B2B8-A09ECB795B02}.Release|Any CPU.Build.0 = Release|Any CPU
		{986011C7-E2E6-48BE-B2B8-A09ECB795B02}.Release|ARM.ActiveCfg = Release|Any CPU
		{986011C7-E2E6-48BE-B2B8-A09ECB795B02}.Release|ARM.Build.0 = Release|Any CPU
		{986011C7-E2E6-48BE-B2B8-A09ECB795B02}.Release|ARM64.ActiveCfg = Release|Any CPU
		{986011C7-E2E6-48BE-B2B8-A09ECB795B02}.Release|ARM64.Build.0 = Release|Any CPU
		{986011C7-E2E6-48BE-B2B8-A09ECB795B02}.Release|iPhone.ActiveCfg = Release|Any CPU
		{986011C7-E2E6-48BE-B2B8-A09ECB795B02}.Release|iPhone.Build.0 = Release|Any CPU
		{986011C7-E2E6-48BE-B2B8-A09ECB795B02}.Release|iPhoneSimulator.ActiveCfg = Release|Any CPU
		{986011C7-E2E6-48BE-B2B8-A09ECB795B02}.Release|iPhoneSimulator.Build.0 = Release|Any CPU
		{986011C7-E2E6-48BE-B2B8-A09ECB795B02}.Release|x64.ActiveCfg = Release|Any CPU
		{986011C7-E2E6-48BE-B2B8-A09ECB795B02}.Release|x64.Build.0 = Release|Any CPU
		{986011C7-E2E6-48BE-B2B8-A09ECB795B02}.Release|x86.ActiveCfg = Release|Any CPU
		{986011C7-E2E6-48BE-B2B8-A09ECB795B02}.Release|x86.Build.0 = Release|Any CPU
		{B916B9A1-2B4A-41C6-BF0C-5871C75C745D}.Ad-Hoc|Any CPU.ActiveCfg = Debug|iPhoneSimulator
		{B916B9A1-2B4A-41C6-BF0C-5871C75C745D}.Ad-Hoc|Any CPU.Build.0 = Debug|iPhoneSimulator
		{B916B9A1-2B4A-41C6-BF0C-5871C75C745D}.Ad-Hoc|ARM.ActiveCfg = Debug|iPhoneSimulator
		{B916B9A1-2B4A-41C6-BF0C-5871C75C745D}.Ad-Hoc|ARM.Build.0 = Debug|iPhoneSimulator
		{B916B9A1-2B4A-41C6-BF0C-5871C75C745D}.Ad-Hoc|ARM64.ActiveCfg = Debug|iPhoneSimulator
		{B916B9A1-2B4A-41C6-BF0C-5871C75C745D}.Ad-Hoc|ARM64.Build.0 = Debug|iPhoneSimulator
		{B916B9A1-2B4A-41C6-BF0C-5871C75C745D}.Ad-Hoc|iPhone.ActiveCfg = Debug|iPhoneSimulator
		{B916B9A1-2B4A-41C6-BF0C-5871C75C745D}.Ad-Hoc|iPhone.Build.0 = Debug|iPhoneSimulator
		{B916B9A1-2B4A-41C6-BF0C-5871C75C745D}.Ad-Hoc|iPhoneSimulator.ActiveCfg = Debug|iPhoneSimulator
		{B916B9A1-2B4A-41C6-BF0C-5871C75C745D}.Ad-Hoc|iPhoneSimulator.Build.0 = Debug|iPhoneSimulator
		{B916B9A1-2B4A-41C6-BF0C-5871C75C745D}.Ad-Hoc|x64.ActiveCfg = Debug|iPhoneSimulator
		{B916B9A1-2B4A-41C6-BF0C-5871C75C745D}.Ad-Hoc|x64.Build.0 = Debug|iPhoneSimulator
		{B916B9A1-2B4A-41C6-BF0C-5871C75C745D}.Ad-Hoc|x86.ActiveCfg = Debug|iPhoneSimulator
		{B916B9A1-2B4A-41C6-BF0C-5871C75C745D}.Ad-Hoc|x86.Build.0 = Debug|iPhoneSimulator
		{B916B9A1-2B4A-41C6-BF0C-5871C75C745D}.AppStore|Any CPU.ActiveCfg = Debug|iPhoneSimulator
		{B916B9A1-2B4A-41C6-BF0C-5871C75C745D}.AppStore|Any CPU.Build.0 = Debug|iPhoneSimulator
		{B916B9A1-2B4A-41C6-BF0C-5871C75C745D}.AppStore|ARM.ActiveCfg = Debug|iPhoneSimulator
		{B916B9A1-2B4A-41C6-BF0C-5871C75C745D}.AppStore|ARM.Build.0 = Debug|iPhoneSimulator
		{B916B9A1-2B4A-41C6-BF0C-5871C75C745D}.AppStore|ARM64.ActiveCfg = Debug|iPhoneSimulator
		{B916B9A1-2B4A-41C6-BF0C-5871C75C745D}.AppStore|ARM64.Build.0 = Debug|iPhoneSimulator
		{B916B9A1-2B4A-41C6-BF0C-5871C75C745D}.AppStore|iPhone.ActiveCfg = Debug|iPhoneSimulator
		{B916B9A1-2B4A-41C6-BF0C-5871C75C745D}.AppStore|iPhone.Build.0 = Debug|iPhoneSimulator
		{B916B9A1-2B4A-41C6-BF0C-5871C75C745D}.AppStore|iPhoneSimulator.ActiveCfg = Debug|iPhoneSimulator
		{B916B9A1-2B4A-41C6-BF0C-5871C75C745D}.AppStore|iPhoneSimulator.Build.0 = Debug|iPhoneSimulator
		{B916B9A1-2B4A-41C6-BF0C-5871C75C745D}.AppStore|x64.ActiveCfg = Debug|iPhoneSimulator
		{B916B9A1-2B4A-41C6-BF0C-5871C75C745D}.AppStore|x64.Build.0 = Debug|iPhoneSimulator
		{B916B9A1-2B4A-41C6-BF0C-5871C75C745D}.AppStore|x86.ActiveCfg = Debug|iPhoneSimulator
		{B916B9A1-2B4A-41C6-BF0C-5871C75C745D}.AppStore|x86.Build.0 = Debug|iPhoneSimulator
		{B916B9A1-2B4A-41C6-BF0C-5871C75C745D}.Debug|Any CPU.ActiveCfg = Debug|iPhoneSimulator
		{B916B9A1-2B4A-41C6-BF0C-5871C75C745D}.Debug|ARM.ActiveCfg = Debug|iPhoneSimulator
		{B916B9A1-2B4A-41C6-BF0C-5871C75C745D}.Debug|ARM64.ActiveCfg = Debug|iPhoneSimulator
		{B916B9A1-2B4A-41C6-BF0C-5871C75C745D}.Debug|iPhone.ActiveCfg = Debug|iPhoneSimulator
		{B916B9A1-2B4A-41C6-BF0C-5871C75C745D}.Debug|iPhoneSimulator.ActiveCfg = Debug|iPhoneSimulator
		{B916B9A1-2B4A-41C6-BF0C-5871C75C745D}.Debug|iPhoneSimulator.Build.0 = Debug|iPhoneSimulator
		{B916B9A1-2B4A-41C6-BF0C-5871C75C745D}.Debug|x64.ActiveCfg = Debug|iPhoneSimulator
		{B916B9A1-2B4A-41C6-BF0C-5871C75C745D}.Debug|x86.ActiveCfg = Debug|iPhoneSimulator
		{B916B9A1-2B4A-41C6-BF0C-5871C75C745D}.Release|Any CPU.ActiveCfg = Release|iPhoneSimulator
		{B916B9A1-2B4A-41C6-BF0C-5871C75C745D}.Release|ARM.ActiveCfg = Release|iPhoneSimulator
		{B916B9A1-2B4A-41C6-BF0C-5871C75C745D}.Release|ARM64.ActiveCfg = Release|iPhoneSimulator
		{B916B9A1-2B4A-41C6-BF0C-5871C75C745D}.Release|iPhone.ActiveCfg = Release|iPhoneSimulator
		{B916B9A1-2B4A-41C6-BF0C-5871C75C745D}.Release|iPhoneSimulator.ActiveCfg = Release|iPhoneSimulator
		{B916B9A1-2B4A-41C6-BF0C-5871C75C745D}.Release|iPhoneSimulator.Build.0 = Release|iPhoneSimulator
		{B916B9A1-2B4A-41C6-BF0C-5871C75C745D}.Release|x64.ActiveCfg = Release|iPhoneSimulator
		{B916B9A1-2B4A-41C6-BF0C-5871C75C745D}.Release|x86.ActiveCfg = Release|iPhoneSimulator
		{C0EBD67B-B080-438C-8843-7DCA0F17EA6D}.Ad-Hoc|Any CPU.ActiveCfg = Debug|Any CPU
		{C0EBD67B-B080-438C-8843-7DCA0F17EA6D}.Ad-Hoc|Any CPU.Build.0 = Debug|Any CPU
		{C0EBD67B-B080-438C-8843-7DCA0F17EA6D}.Ad-Hoc|ARM.ActiveCfg = Debug|Any CPU
		{C0EBD67B-B080-438C-8843-7DCA0F17EA6D}.Ad-Hoc|ARM.Build.0 = Debug|Any CPU
		{C0EBD67B-B080-438C-8843-7DCA0F17EA6D}.Ad-Hoc|ARM64.ActiveCfg = Debug|Any CPU
		{C0EBD67B-B080-438C-8843-7DCA0F17EA6D}.Ad-Hoc|ARM64.Build.0 = Debug|Any CPU
		{C0EBD67B-B080-438C-8843-7DCA0F17EA6D}.Ad-Hoc|iPhone.ActiveCfg = Debug|Any CPU
		{C0EBD67B-B080-438C-8843-7DCA0F17EA6D}.Ad-Hoc|iPhone.Build.0 = Debug|Any CPU
		{C0EBD67B-B080-438C-8843-7DCA0F17EA6D}.Ad-Hoc|iPhoneSimulator.ActiveCfg = Debug|Any CPU
		{C0EBD67B-B080-438C-8843-7DCA0F17EA6D}.Ad-Hoc|iPhoneSimulator.Build.0 = Debug|Any CPU
		{C0EBD67B-B080-438C-8843-7DCA0F17EA6D}.Ad-Hoc|x64.ActiveCfg = Debug|Any CPU
		{C0EBD67B-B080-438C-8843-7DCA0F17EA6D}.Ad-Hoc|x64.Build.0 = Debug|Any CPU
		{C0EBD67B-B080-438C-8843-7DCA0F17EA6D}.Ad-Hoc|x86.ActiveCfg = Debug|Any CPU
		{C0EBD67B-B080-438C-8843-7DCA0F17EA6D}.Ad-Hoc|x86.Build.0 = Debug|Any CPU
		{C0EBD67B-B080-438C-8843-7DCA0F17EA6D}.AppStore|Any CPU.ActiveCfg = Debug|Any CPU
		{C0EBD67B-B080-438C-8843-7DCA0F17EA6D}.AppStore|Any CPU.Build.0 = Debug|Any CPU
		{C0EBD67B-B080-438C-8843-7DCA0F17EA6D}.AppStore|ARM.ActiveCfg = Debug|Any CPU
		{C0EBD67B-B080-438C-8843-7DCA0F17EA6D}.AppStore|ARM.Build.0 = Debug|Any CPU
		{C0EBD67B-B080-438C-8843-7DCA0F17EA6D}.AppStore|ARM64.ActiveCfg = Debug|Any CPU
		{C0EBD67B-B080-438C-8843-7DCA0F17EA6D}.AppStore|ARM64.Build.0 = Debug|Any CPU
		{C0EBD67B-B080-438C-8843-7DCA0F17EA6D}.AppStore|iPhone.ActiveCfg = Debug|Any CPU
		{C0EBD67B-B080-438C-8843-7DCA0F17EA6D}.AppStore|iPhone.Build.0 = Debug|Any CPU
		{C0EBD67B-B080-438C-8843-7DCA0F17EA6D}.AppStore|iPhoneSimulator.ActiveCfg = Debug|Any CPU
		{C0EBD67B-B080-438C-8843-7DCA0F17EA6D}.AppStore|iPhoneSimulator.Build.0 = Debug|Any CPU
		{C0EBD67B-B080-438C-8843-7DCA0F17EA6D}.AppStore|x64.ActiveCfg = Debug|Any CPU
		{C0EBD67B-B080-438C-8843-7DCA0F17EA6D}.AppStore|x64.Build.0 = Debug|Any CPU
		{C0EBD67B-B080-438C-8843-7DCA0F17EA6D}.AppStore|x86.ActiveCfg = Debug|Any CPU
		{C0EBD67B-B080-438C-8843-7DCA0F17EA6D}.AppStore|x86.Build.0 = Debug|Any CPU
		{C0EBD67B-B080-438C-8843-7DCA0F17EA6D}.Debug|Any CPU.ActiveCfg = Debug|Any CPU
		{C0EBD67B-B080-438C-8843-7DCA0F17EA6D}.Debug|Any CPU.Build.0 = Debug|Any CPU
		{C0EBD67B-B080-438C-8843-7DCA0F17EA6D}.Debug|ARM.ActiveCfg = Debug|Any CPU
		{C0EBD67B-B080-438C-8843-7DCA0F17EA6D}.Debug|ARM.Build.0 = Debug|Any CPU
		{C0EBD67B-B080-438C-8843-7DCA0F17EA6D}.Debug|ARM64.ActiveCfg = Debug|Any CPU
		{C0EBD67B-B080-438C-8843-7DCA0F17EA6D}.Debug|ARM64.Build.0 = Debug|Any CPU
		{C0EBD67B-B080-438C-8843-7DCA0F17EA6D}.Debug|iPhone.ActiveCfg = Debug|Any CPU
		{C0EBD67B-B080-438C-8843-7DCA0F17EA6D}.Debug|iPhone.Build.0 = Debug|Any CPU
		{C0EBD67B-B080-438C-8843-7DCA0F17EA6D}.Debug|iPhoneSimulator.ActiveCfg = Debug|Any CPU
		{C0EBD67B-B080-438C-8843-7DCA0F17EA6D}.Debug|iPhoneSimulator.Build.0 = Debug|Any CPU
		{C0EBD67B-B080-438C-8843-7DCA0F17EA6D}.Debug|x64.ActiveCfg = Debug|Any CPU
		{C0EBD67B-B080-438C-8843-7DCA0F17EA6D}.Debug|x64.Build.0 = Debug|Any CPU
		{C0EBD67B-B080-438C-8843-7DCA0F17EA6D}.Debug|x86.ActiveCfg = Debug|Any CPU
		{C0EBD67B-B080-438C-8843-7DCA0F17EA6D}.Debug|x86.Build.0 = Debug|Any CPU
		{C0EBD67B-B080-438C-8843-7DCA0F17EA6D}.Release|Any CPU.ActiveCfg = Release|Any CPU
		{C0EBD67B-B080-438C-8843-7DCA0F17EA6D}.Release|Any CPU.Build.0 = Release|Any CPU
		{C0EBD67B-B080-438C-8843-7DCA0F17EA6D}.Release|ARM.ActiveCfg = Release|Any CPU
		{C0EBD67B-B080-438C-8843-7DCA0F17EA6D}.Release|ARM.Build.0 = Release|Any CPU
		{C0EBD67B-B080-438C-8843-7DCA0F17EA6D}.Release|ARM64.ActiveCfg = Release|Any CPU
		{C0EBD67B-B080-438C-8843-7DCA0F17EA6D}.Release|ARM64.Build.0 = Release|Any CPU
		{C0EBD67B-B080-438C-8843-7DCA0F17EA6D}.Release|iPhone.ActiveCfg = Release|Any CPU
		{C0EBD67B-B080-438C-8843-7DCA0F17EA6D}.Release|iPhone.Build.0 = Release|Any CPU
		{C0EBD67B-B080-438C-8843-7DCA0F17EA6D}.Release|iPhoneSimulator.ActiveCfg = Release|Any CPU
		{C0EBD67B-B080-438C-8843-7DCA0F17EA6D}.Release|iPhoneSimulator.Build.0 = Release|Any CPU
		{C0EBD67B-B080-438C-8843-7DCA0F17EA6D}.Release|x64.ActiveCfg = Release|Any CPU
		{C0EBD67B-B080-438C-8843-7DCA0F17EA6D}.Release|x64.Build.0 = Release|Any CPU
		{C0EBD67B-B080-438C-8843-7DCA0F17EA6D}.Release|x86.ActiveCfg = Release|Any CPU
		{C0EBD67B-B080-438C-8843-7DCA0F17EA6D}.Release|x86.Build.0 = Release|Any CPU
		{0CDCDB02-4210-4046-84BF-86C0FEAF0372}.Ad-Hoc|Any CPU.ActiveCfg = Debug|Any CPU
		{0CDCDB02-4210-4046-84BF-86C0FEAF0372}.Ad-Hoc|Any CPU.Build.0 = Debug|Any CPU
		{0CDCDB02-4210-4046-84BF-86C0FEAF0372}.Ad-Hoc|ARM.ActiveCfg = Debug|Any CPU
		{0CDCDB02-4210-4046-84BF-86C0FEAF0372}.Ad-Hoc|ARM.Build.0 = Debug|Any CPU
		{0CDCDB02-4210-4046-84BF-86C0FEAF0372}.Ad-Hoc|ARM64.ActiveCfg = Debug|Any CPU
		{0CDCDB02-4210-4046-84BF-86C0FEAF0372}.Ad-Hoc|ARM64.Build.0 = Debug|Any CPU
		{0CDCDB02-4210-4046-84BF-86C0FEAF0372}.Ad-Hoc|iPhone.ActiveCfg = Debug|Any CPU
		{0CDCDB02-4210-4046-84BF-86C0FEAF0372}.Ad-Hoc|iPhone.Build.0 = Debug|Any CPU
		{0CDCDB02-4210-4046-84BF-86C0FEAF0372}.Ad-Hoc|iPhoneSimulator.ActiveCfg = Debug|Any CPU
		{0CDCDB02-4210-4046-84BF-86C0FEAF0372}.Ad-Hoc|iPhoneSimulator.Build.0 = Debug|Any CPU
		{0CDCDB02-4210-4046-84BF-86C0FEAF0372}.Ad-Hoc|x64.ActiveCfg = Debug|Any CPU
		{0CDCDB02-4210-4046-84BF-86C0FEAF0372}.Ad-Hoc|x64.Build.0 = Debug|Any CPU
		{0CDCDB02-4210-4046-84BF-86C0FEAF0372}.Ad-Hoc|x86.ActiveCfg = Debug|Any CPU
		{0CDCDB02-4210-4046-84BF-86C0FEAF0372}.Ad-Hoc|x86.Build.0 = Debug|Any CPU
		{0CDCDB02-4210-4046-84BF-86C0FEAF0372}.AppStore|Any CPU.ActiveCfg = Debug|Any CPU
		{0CDCDB02-4210-4046-84BF-86C0FEAF0372}.AppStore|Any CPU.Build.0 = Debug|Any CPU
		{0CDCDB02-4210-4046-84BF-86C0FEAF0372}.AppStore|ARM.ActiveCfg = Debug|Any CPU
		{0CDCDB02-4210-4046-84BF-86C0FEAF0372}.AppStore|ARM.Build.0 = Debug|Any CPU
		{0CDCDB02-4210-4046-84BF-86C0FEAF0372}.AppStore|ARM64.ActiveCfg = Debug|Any CPU
		{0CDCDB02-4210-4046-84BF-86C0FEAF0372}.AppStore|ARM64.Build.0 = Debug|Any CPU
		{0CDCDB02-4210-4046-84BF-86C0FEAF0372}.AppStore|iPhone.ActiveCfg = Debug|Any CPU
		{0CDCDB02-4210-4046-84BF-86C0FEAF0372}.AppStore|iPhone.Build.0 = Debug|Any CPU
		{0CDCDB02-4210-4046-84BF-86C0FEAF0372}.AppStore|iPhoneSimulator.ActiveCfg = Debug|Any CPU
		{0CDCDB02-4210-4046-84BF-86C0FEAF0372}.AppStore|iPhoneSimulator.Build.0 = Debug|Any CPU
		{0CDCDB02-4210-4046-84BF-86C0FEAF0372}.AppStore|x64.ActiveCfg = Debug|Any CPU
		{0CDCDB02-4210-4046-84BF-86C0FEAF0372}.AppStore|x64.Build.0 = Debug|Any CPU
		{0CDCDB02-4210-4046-84BF-86C0FEAF0372}.AppStore|x86.ActiveCfg = Debug|Any CPU
		{0CDCDB02-4210-4046-84BF-86C0FEAF0372}.AppStore|x86.Build.0 = Debug|Any CPU
		{0CDCDB02-4210-4046-84BF-86C0FEAF0372}.Debug|Any CPU.ActiveCfg = Debug|Any CPU
		{0CDCDB02-4210-4046-84BF-86C0FEAF0372}.Debug|Any CPU.Build.0 = Debug|Any CPU
		{0CDCDB02-4210-4046-84BF-86C0FEAF0372}.Debug|ARM.ActiveCfg = Debug|Any CPU
		{0CDCDB02-4210-4046-84BF-86C0FEAF0372}.Debug|ARM.Build.0 = Debug|Any CPU
		{0CDCDB02-4210-4046-84BF-86C0FEAF0372}.Debug|ARM64.ActiveCfg = Debug|Any CPU
		{0CDCDB02-4210-4046-84BF-86C0FEAF0372}.Debug|ARM64.Build.0 = Debug|Any CPU
		{0CDCDB02-4210-4046-84BF-86C0FEAF0372}.Debug|iPhone.ActiveCfg = Debug|Any CPU
		{0CDCDB02-4210-4046-84BF-86C0FEAF0372}.Debug|iPhone.Build.0 = Debug|Any CPU
		{0CDCDB02-4210-4046-84BF-86C0FEAF0372}.Debug|iPhoneSimulator.ActiveCfg = Debug|Any CPU
		{0CDCDB02-4210-4046-84BF-86C0FEAF0372}.Debug|iPhoneSimulator.Build.0 = Debug|Any CPU
		{0CDCDB02-4210-4046-84BF-86C0FEAF0372}.Debug|x64.ActiveCfg = Debug|Any CPU
		{0CDCDB02-4210-4046-84BF-86C0FEAF0372}.Debug|x64.Build.0 = Debug|Any CPU
		{0CDCDB02-4210-4046-84BF-86C0FEAF0372}.Debug|x86.ActiveCfg = Debug|Any CPU
		{0CDCDB02-4210-4046-84BF-86C0FEAF0372}.Debug|x86.Build.0 = Debug|Any CPU
		{0CDCDB02-4210-4046-84BF-86C0FEAF0372}.Release|Any CPU.ActiveCfg = Release|Any CPU
		{0CDCDB02-4210-4046-84BF-86C0FEAF0372}.Release|Any CPU.Build.0 = Release|Any CPU
		{0CDCDB02-4210-4046-84BF-86C0FEAF0372}.Release|ARM.ActiveCfg = Release|Any CPU
		{0CDCDB02-4210-4046-84BF-86C0FEAF0372}.Release|ARM.Build.0 = Release|Any CPU
		{0CDCDB02-4210-4046-84BF-86C0FEAF0372}.Release|ARM64.ActiveCfg = Release|Any CPU
		{0CDCDB02-4210-4046-84BF-86C0FEAF0372}.Release|ARM64.Build.0 = Release|Any CPU
		{0CDCDB02-4210-4046-84BF-86C0FEAF0372}.Release|iPhone.ActiveCfg = Release|Any CPU
		{0CDCDB02-4210-4046-84BF-86C0FEAF0372}.Release|iPhone.Build.0 = Release|Any CPU
		{0CDCDB02-4210-4046-84BF-86C0FEAF0372}.Release|iPhoneSimulator.ActiveCfg = Release|Any CPU
		{0CDCDB02-4210-4046-84BF-86C0FEAF0372}.Release|iPhoneSimulator.Build.0 = Release|Any CPU
		{0CDCDB02-4210-4046-84BF-86C0FEAF0372}.Release|x64.ActiveCfg = Release|Any CPU
		{0CDCDB02-4210-4046-84BF-86C0FEAF0372}.Release|x64.Build.0 = Release|Any CPU
		{0CDCDB02-4210-4046-84BF-86C0FEAF0372}.Release|x86.ActiveCfg = Release|Any CPU
		{0CDCDB02-4210-4046-84BF-86C0FEAF0372}.Release|x86.Build.0 = Release|Any CPU
		{20F8E9E3-CF83-4855-BC26-B53AE5CBD851}.Ad-Hoc|Any CPU.ActiveCfg = Debug|Any CPU
		{20F8E9E3-CF83-4855-BC26-B53AE5CBD851}.Ad-Hoc|Any CPU.Build.0 = Debug|Any CPU
		{20F8E9E3-CF83-4855-BC26-B53AE5CBD851}.Ad-Hoc|ARM.ActiveCfg = Debug|Any CPU
		{20F8E9E3-CF83-4855-BC26-B53AE5CBD851}.Ad-Hoc|ARM.Build.0 = Debug|Any CPU
		{20F8E9E3-CF83-4855-BC26-B53AE5CBD851}.Ad-Hoc|ARM64.ActiveCfg = Debug|Any CPU
		{20F8E9E3-CF83-4855-BC26-B53AE5CBD851}.Ad-Hoc|ARM64.Build.0 = Debug|Any CPU
		{20F8E9E3-CF83-4855-BC26-B53AE5CBD851}.Ad-Hoc|iPhone.ActiveCfg = Debug|Any CPU
		{20F8E9E3-CF83-4855-BC26-B53AE5CBD851}.Ad-Hoc|iPhone.Build.0 = Debug|Any CPU
		{20F8E9E3-CF83-4855-BC26-B53AE5CBD851}.Ad-Hoc|iPhoneSimulator.ActiveCfg = Debug|Any CPU
		{20F8E9E3-CF83-4855-BC26-B53AE5CBD851}.Ad-Hoc|iPhoneSimulator.Build.0 = Debug|Any CPU
		{20F8E9E3-CF83-4855-BC26-B53AE5CBD851}.Ad-Hoc|x64.ActiveCfg = Debug|Any CPU
		{20F8E9E3-CF83-4855-BC26-B53AE5CBD851}.Ad-Hoc|x64.Build.0 = Debug|Any CPU
		{20F8E9E3-CF83-4855-BC26-B53AE5CBD851}.Ad-Hoc|x86.ActiveCfg = Debug|Any CPU
		{20F8E9E3-CF83-4855-BC26-B53AE5CBD851}.Ad-Hoc|x86.Build.0 = Debug|Any CPU
		{20F8E9E3-CF83-4855-BC26-B53AE5CBD851}.AppStore|Any CPU.ActiveCfg = Debug|Any CPU
		{20F8E9E3-CF83-4855-BC26-B53AE5CBD851}.AppStore|Any CPU.Build.0 = Debug|Any CPU
		{20F8E9E3-CF83-4855-BC26-B53AE5CBD851}.AppStore|ARM.ActiveCfg = Debug|Any CPU
		{20F8E9E3-CF83-4855-BC26-B53AE5CBD851}.AppStore|ARM.Build.0 = Debug|Any CPU
		{20F8E9E3-CF83-4855-BC26-B53AE5CBD851}.AppStore|ARM64.ActiveCfg = Debug|Any CPU
		{20F8E9E3-CF83-4855-BC26-B53AE5CBD851}.AppStore|ARM64.Build.0 = Debug|Any CPU
		{20F8E9E3-CF83-4855-BC26-B53AE5CBD851}.AppStore|iPhone.ActiveCfg = Debug|Any CPU
		{20F8E9E3-CF83-4855-BC26-B53AE5CBD851}.AppStore|iPhone.Build.0 = Debug|Any CPU
		{20F8E9E3-CF83-4855-BC26-B53AE5CBD851}.AppStore|iPhoneSimulator.ActiveCfg = Debug|Any CPU
		{20F8E9E3-CF83-4855-BC26-B53AE5CBD851}.AppStore|iPhoneSimulator.Build.0 = Debug|Any CPU
		{20F8E9E3-CF83-4855-BC26-B53AE5CBD851}.AppStore|x64.ActiveCfg = Debug|Any CPU
		{20F8E9E3-CF83-4855-BC26-B53AE5CBD851}.AppStore|x64.Build.0 = Debug|Any CPU
		{20F8E9E3-CF83-4855-BC26-B53AE5CBD851}.AppStore|x86.ActiveCfg = Debug|Any CPU
		{20F8E9E3-CF83-4855-BC26-B53AE5CBD851}.AppStore|x86.Build.0 = Debug|Any CPU
		{20F8E9E3-CF83-4855-BC26-B53AE5CBD851}.Debug|Any CPU.ActiveCfg = Debug|Any CPU
		{20F8E9E3-CF83-4855-BC26-B53AE5CBD851}.Debug|Any CPU.Build.0 = Debug|Any CPU
		{20F8E9E3-CF83-4855-BC26-B53AE5CBD851}.Debug|ARM.ActiveCfg = Debug|Any CPU
		{20F8E9E3-CF83-4855-BC26-B53AE5CBD851}.Debug|ARM.Build.0 = Debug|Any CPU
		{20F8E9E3-CF83-4855-BC26-B53AE5CBD851}.Debug|ARM64.ActiveCfg = Debug|Any CPU
		{20F8E9E3-CF83-4855-BC26-B53AE5CBD851}.Debug|ARM64.Build.0 = Debug|Any CPU
		{20F8E9E3-CF83-4855-BC26-B53AE5CBD851}.Debug|iPhone.ActiveCfg = Debug|Any CPU
		{20F8E9E3-CF83-4855-BC26-B53AE5CBD851}.Debug|iPhone.Build.0 = Debug|Any CPU
		{20F8E9E3-CF83-4855-BC26-B53AE5CBD851}.Debug|iPhoneSimulator.ActiveCfg = Debug|Any CPU
		{20F8E9E3-CF83-4855-BC26-B53AE5CBD851}.Debug|iPhoneSimulator.Build.0 = Debug|Any CPU
		{20F8E9E3-CF83-4855-BC26-B53AE5CBD851}.Debug|x64.ActiveCfg = Debug|Any CPU
		{20F8E9E3-CF83-4855-BC26-B53AE5CBD851}.Debug|x64.Build.0 = Debug|Any CPU
		{20F8E9E3-CF83-4855-BC26-B53AE5CBD851}.Debug|x86.ActiveCfg = Debug|Any CPU
		{20F8E9E3-CF83-4855-BC26-B53AE5CBD851}.Debug|x86.Build.0 = Debug|Any CPU
		{20F8E9E3-CF83-4855-BC26-B53AE5CBD851}.Release|Any CPU.ActiveCfg = Release|Any CPU
		{20F8E9E3-CF83-4855-BC26-B53AE5CBD851}.Release|Any CPU.Build.0 = Release|Any CPU
		{20F8E9E3-CF83-4855-BC26-B53AE5CBD851}.Release|ARM.ActiveCfg = Release|Any CPU
		{20F8E9E3-CF83-4855-BC26-B53AE5CBD851}.Release|ARM.Build.0 = Release|Any CPU
		{20F8E9E3-CF83-4855-BC26-B53AE5CBD851}.Release|ARM64.ActiveCfg = Release|Any CPU
		{20F8E9E3-CF83-4855-BC26-B53AE5CBD851}.Release|ARM64.Build.0 = Release|Any CPU
		{20F8E9E3-CF83-4855-BC26-B53AE5CBD851}.Release|iPhone.ActiveCfg = Release|Any CPU
		{20F8E9E3-CF83-4855-BC26-B53AE5CBD851}.Release|iPhone.Build.0 = Release|Any CPU
		{20F8E9E3-CF83-4855-BC26-B53AE5CBD851}.Release|iPhoneSimulator.ActiveCfg = Release|Any CPU
		{20F8E9E3-CF83-4855-BC26-B53AE5CBD851}.Release|iPhoneSimulator.Build.0 = Release|Any CPU
		{20F8E9E3-CF83-4855-BC26-B53AE5CBD851}.Release|x64.ActiveCfg = Release|Any CPU
		{20F8E9E3-CF83-4855-BC26-B53AE5CBD851}.Release|x64.Build.0 = Release|Any CPU
		{20F8E9E3-CF83-4855-BC26-B53AE5CBD851}.Release|x86.ActiveCfg = Release|Any CPU
		{20F8E9E3-CF83-4855-BC26-B53AE5CBD851}.Release|x86.Build.0 = Release|Any CPU
		{9389B903-E597-4A5A-98F3-1D2123EF6F20}.Ad-Hoc|Any CPU.ActiveCfg = Debug|Any CPU
		{9389B903-E597-4A5A-98F3-1D2123EF6F20}.Ad-Hoc|Any CPU.Build.0 = Debug|Any CPU
		{9389B903-E597-4A5A-98F3-1D2123EF6F20}.Ad-Hoc|ARM.ActiveCfg = Debug|Any CPU
		{9389B903-E597-4A5A-98F3-1D2123EF6F20}.Ad-Hoc|ARM.Build.0 = Debug|Any CPU
		{9389B903-E597-4A5A-98F3-1D2123EF6F20}.Ad-Hoc|ARM64.ActiveCfg = Debug|Any CPU
		{9389B903-E597-4A5A-98F3-1D2123EF6F20}.Ad-Hoc|ARM64.Build.0 = Debug|Any CPU
		{9389B903-E597-4A5A-98F3-1D2123EF6F20}.Ad-Hoc|iPhone.ActiveCfg = Debug|Any CPU
		{9389B903-E597-4A5A-98F3-1D2123EF6F20}.Ad-Hoc|iPhone.Build.0 = Debug|Any CPU
		{9389B903-E597-4A5A-98F3-1D2123EF6F20}.Ad-Hoc|iPhoneSimulator.ActiveCfg = Debug|Any CPU
		{9389B903-E597-4A5A-98F3-1D2123EF6F20}.Ad-Hoc|iPhoneSimulator.Build.0 = Debug|Any CPU
		{9389B903-E597-4A5A-98F3-1D2123EF6F20}.Ad-Hoc|x64.ActiveCfg = Debug|Any CPU
		{9389B903-E597-4A5A-98F3-1D2123EF6F20}.Ad-Hoc|x64.Build.0 = Debug|Any CPU
		{9389B903-E597-4A5A-98F3-1D2123EF6F20}.Ad-Hoc|x86.ActiveCfg = Debug|Any CPU
		{9389B903-E597-4A5A-98F3-1D2123EF6F20}.Ad-Hoc|x86.Build.0 = Debug|Any CPU
		{9389B903-E597-4A5A-98F3-1D2123EF6F20}.AppStore|Any CPU.ActiveCfg = Debug|Any CPU
		{9389B903-E597-4A5A-98F3-1D2123EF6F20}.AppStore|Any CPU.Build.0 = Debug|Any CPU
		{9389B903-E597-4A5A-98F3-1D2123EF6F20}.AppStore|ARM.ActiveCfg = Debug|Any CPU
		{9389B903-E597-4A5A-98F3-1D2123EF6F20}.AppStore|ARM.Build.0 = Debug|Any CPU
		{9389B903-E597-4A5A-98F3-1D2123EF6F20}.AppStore|ARM64.ActiveCfg = Debug|Any CPU
		{9389B903-E597-4A5A-98F3-1D2123EF6F20}.AppStore|ARM64.Build.0 = Debug|Any CPU
		{9389B903-E597-4A5A-98F3-1D2123EF6F20}.AppStore|iPhone.ActiveCfg = Debug|Any CPU
		{9389B903-E597-4A5A-98F3-1D2123EF6F20}.AppStore|iPhone.Build.0 = Debug|Any CPU
		{9389B903-E597-4A5A-98F3-1D2123EF6F20}.AppStore|iPhoneSimulator.ActiveCfg = Debug|Any CPU
		{9389B903-E597-4A5A-98F3-1D2123EF6F20}.AppStore|iPhoneSimulator.Build.0 = Debug|Any CPU
		{9389B903-E597-4A5A-98F3-1D2123EF6F20}.AppStore|x64.ActiveCfg = Debug|Any CPU
		{9389B903-E597-4A5A-98F3-1D2123EF6F20}.AppStore|x64.Build.0 = Debug|Any CPU
		{9389B903-E597-4A5A-98F3-1D2123EF6F20}.AppStore|x86.ActiveCfg = Debug|Any CPU
		{9389B903-E597-4A5A-98F3-1D2123EF6F20}.AppStore|x86.Build.0 = Debug|Any CPU
		{9389B903-E597-4A5A-98F3-1D2123EF6F20}.Debug|Any CPU.ActiveCfg = Debug|Any CPU
		{9389B903-E597-4A5A-98F3-1D2123EF6F20}.Debug|Any CPU.Build.0 = Debug|Any CPU
		{9389B903-E597-4A5A-98F3-1D2123EF6F20}.Debug|ARM.ActiveCfg = Debug|Any CPU
		{9389B903-E597-4A5A-98F3-1D2123EF6F20}.Debug|ARM.Build.0 = Debug|Any CPU
		{9389B903-E597-4A5A-98F3-1D2123EF6F20}.Debug|ARM64.ActiveCfg = Debug|Any CPU
		{9389B903-E597-4A5A-98F3-1D2123EF6F20}.Debug|ARM64.Build.0 = Debug|Any CPU
		{9389B903-E597-4A5A-98F3-1D2123EF6F20}.Debug|iPhone.ActiveCfg = Debug|Any CPU
		{9389B903-E597-4A5A-98F3-1D2123EF6F20}.Debug|iPhone.Build.0 = Debug|Any CPU
		{9389B903-E597-4A5A-98F3-1D2123EF6F20}.Debug|iPhoneSimulator.ActiveCfg = Debug|Any CPU
		{9389B903-E597-4A5A-98F3-1D2123EF6F20}.Debug|iPhoneSimulator.Build.0 = Debug|Any CPU
		{9389B903-E597-4A5A-98F3-1D2123EF6F20}.Debug|x64.ActiveCfg = Debug|Any CPU
		{9389B903-E597-4A5A-98F3-1D2123EF6F20}.Debug|x64.Build.0 = Debug|Any CPU
		{9389B903-E597-4A5A-98F3-1D2123EF6F20}.Debug|x86.ActiveCfg = Debug|Any CPU
		{9389B903-E597-4A5A-98F3-1D2123EF6F20}.Debug|x86.Build.0 = Debug|Any CPU
		{9389B903-E597-4A5A-98F3-1D2123EF6F20}.Release|Any CPU.ActiveCfg = Release|Any CPU
		{9389B903-E597-4A5A-98F3-1D2123EF6F20}.Release|Any CPU.Build.0 = Release|Any CPU
		{9389B903-E597-4A5A-98F3-1D2123EF6F20}.Release|ARM.ActiveCfg = Release|Any CPU
		{9389B903-E597-4A5A-98F3-1D2123EF6F20}.Release|ARM.Build.0 = Release|Any CPU
		{9389B903-E597-4A5A-98F3-1D2123EF6F20}.Release|ARM64.ActiveCfg = Release|Any CPU
		{9389B903-E597-4A5A-98F3-1D2123EF6F20}.Release|ARM64.Build.0 = Release|Any CPU
		{9389B903-E597-4A5A-98F3-1D2123EF6F20}.Release|iPhone.ActiveCfg = Release|Any CPU
		{9389B903-E597-4A5A-98F3-1D2123EF6F20}.Release|iPhone.Build.0 = Release|Any CPU
		{9389B903-E597-4A5A-98F3-1D2123EF6F20}.Release|iPhoneSimulator.ActiveCfg = Release|Any CPU
		{9389B903-E597-4A5A-98F3-1D2123EF6F20}.Release|iPhoneSimulator.Build.0 = Release|Any CPU
		{9389B903-E597-4A5A-98F3-1D2123EF6F20}.Release|x64.ActiveCfg = Release|Any CPU
		{9389B903-E597-4A5A-98F3-1D2123EF6F20}.Release|x64.Build.0 = Release|Any CPU
		{9389B903-E597-4A5A-98F3-1D2123EF6F20}.Release|x86.ActiveCfg = Release|Any CPU
		{9389B903-E597-4A5A-98F3-1D2123EF6F20}.Release|x86.Build.0 = Release|Any CPU
	EndGlobalSection
	GlobalSection(SolutionProperties) = preSolution
		HideSolutionNode = FALSE
	EndGlobalSection
	GlobalSection(NestedProjects) = preSolution
		{F53E33F3-00C1-44D3-A48C-9E8E87EE4022} = {9121378E-4217-4AC8-8479-25111E2C1F58}
		{67B7E67A-2908-4480-A107-567F2EF3E8C5} = {9121378E-4217-4AC8-8479-25111E2C1F58}
		{C84ABE94-79CF-44A6-9B47-46852142D2B4} = {9121378E-4217-4AC8-8479-25111E2C1F58}
		{986011C7-E2E6-48BE-B2B8-A09ECB795B02} = {9121378E-4217-4AC8-8479-25111E2C1F58}
		{B916B9A1-2B4A-41C6-BF0C-5871C75C745D} = {9121378E-4217-4AC8-8479-25111E2C1F58}
		{C0EBD67B-B080-438C-8843-7DCA0F17EA6D} = {9121378E-4217-4AC8-8479-25111E2C1F58}
		{0CDCDB02-4210-4046-84BF-86C0FEAF0372} = {9121378E-4217-4AC8-8479-25111E2C1F58}
		{20F8E9E3-CF83-4855-BC26-B53AE5CBD851} = {9121378E-4217-4AC8-8479-25111E2C1F58}
		{9389B903-E597-4A5A-98F3-1D2123EF6F20} = {9121378E-4217-4AC8-8479-25111E2C1F58}
	EndGlobalSection
	GlobalSection(ExtensibilityGlobals) = postSolution
		SolutionGuid = {E67A0770-6213-4836-A71B-3635D4F69196}
	EndGlobalSection
EndGlobal
